
Microsoft Visual Studio Solution File, Format Version 12.00
# Visual Studio 15
VisualStudioVersion = 15.0.27130.2010
MinimumVisualStudioVersion = 10.0.40219.1
Project("{FAE04EC0-301F-11D3-BF4B-00C04F79EFBC}") = "TacLifeSupport", "TacLifeSupport.csproj", "{B333CA3A-BB28-4020-94F0-234EC7767E07}"
EndProject
Project("{FAE04EC0-301F-11D3-BF4B-00C04F79EFBC}") = "BackgroundResources", "..\..\REPOSoftTechKSPUtils\BackgroundResources\BackgroundResources.csproj", "{8E6F8E8D-4EDA-42C5-8840-F05B70A0BDDD}"
EndProject
Global
	GlobalSection(SolutionConfigurationPlatforms) = preSolution
		Debug|Any CPU = Debug|Any CPU
		Release|Any CPU = Release|Any CPU
	EndGlobalSection
	GlobalSection(ProjectConfigurationPlatforms) = postSolution
		{B333CA3A-BB28-4020-94F0-234EC7767E07}.Debug|Any CPU.ActiveCfg = Debug|Any CPU
		{B333CA3A-BB28-4020-94F0-234EC7767E07}.Debug|Any CPU.Build.0 = Debug|Any CPU
		{B333CA3A-BB28-4020-94F0-234EC7767E07}.Debug|Any CPU.Deploy.0 = Debug|Any CPU
		{B333CA3A-BB28-4020-94F0-234EC7767E07}.Release|Any CPU.ActiveCfg = Release|Any CPU
		{B333CA3A-BB28-4020-94F0-234EC7767E07}.Release|Any CPU.Build.0 = Release|Any CPU
		{8E6F8E8D-4EDA-42C5-8840-F05B70A0BDDD}.Debug|Any CPU.ActiveCfg = Debug|Any CPU
		{8E6F8E8D-4EDA-42C5-8840-F05B70A0BDDD}.Debug|Any CPU.Build.0 = Debug|Any CPU
		{8E6F8E8D-4EDA-42C5-8840-F05B70A0BDDD}.Release|Any CPU.ActiveCfg = Release|Any CPU
		{8E6F8E8D-4EDA-42C5-8840-F05B70A0BDDD}.Release|Any CPU.Build.0 = Release|Any CPU
	EndGlobalSection
	GlobalSection(SolutionProperties) = preSolution
		HideSolutionNode = FALSE
	EndGlobalSection
	GlobalSection(ExtensibilityGlobals) = postSolution
		SolutionGuid = {1BB07FBD-98E1-403C-9B80-1A08264B25D3}
	EndGlobalSection
EndGlobal
